
Microsoft Visual Studio Solution File, Format Version 12.00
# Visual Studio Version 17
VisualStudioVersion = 17.9.34616.47
MinimumVisualStudioVersion = 10.0.40219.1
Project("{FAE04EC0-301F-11D3-BF4B-00C04F79EFBC}") = "LibraryMovie", "LibraryMovie\LibraryMovie.csproj", "{B5F5B6F4-81F1-4998-B2F2-6D73753E7DED}"
EndProject
Global
	GlobalSection(SolutionConfigurationPlatforms) = preSolution
		Debug|Any CPU = Debug|Any CPU
		Release|Any CPU = Release|Any CPU
	EndGlobalSection
	GlobalSection(ProjectConfigurationPlatforms) = postSolution
		{B5F5B6F4-81F1-4998-B2F2-6D73753E7DED}.Debug|Any CPU.ActiveCfg = Debug|Any CPU
		{B5F5B6F4-81F1-4998-B2F2-6D73753E7DED}.Debug|Any CPU.Build.0 = Debug|Any CPU
		{B5F5B6F4-81F1-4998-B2F2-6D73753E7DED}.Release|Any CPU.ActiveCfg = Release|Any CPU
		{B5F5B6F4-81F1-4998-B2F2-6D73753E7DED}.Release|Any CPU.Build.0 = Release|Any CPU
	EndGlobalSection
	GlobalSection(SolutionProperties) = preSolution
		HideSolutionNode = FALSE
	EndGlobalSection
	GlobalSection(ExtensibilityGlobals) = postSolution
		SolutionGuid = {3AB8D466-F490-4C35-9BDE-0ED24F2F8AE1}
	EndGlobalSection
EndGlobal
